
Microsoft Visual Studio Solution File, Format Version 12.00
# Visual Studio Version 17
VisualStudioVersion = 17.7.34031.279
MinimumVisualStudioVersion = 10.0.40219.1
Project("{8BC9CEB8-8B4A-11D0-8D11-00A0C91BC942}") = "Lesson4-Task1", "Lesson4-Task1\Lesson4-Task1.vcxproj", "{ADF762D4-7B2E-424E-B8A4-25689852F199}"
EndProject
Global
	GlobalSection(SolutionConfigurationPlatforms) = preSolution
		Debug|x64 = Debug|x64
		Debug|x86 = Debug|x86
		Release|x64 = Release|x64
		Release|x86 = Release|x86
	EndGlobalSection
	GlobalSection(ProjectConfigurationPlatforms) = postSolution
		{ADF762D4-7B2E-424E-B8A4-25689852F199}.Debug|x64.ActiveCfg = Debug|x64
		{ADF762D4-7B2E-424E-B8A4-25689852F199}.Debug|x64.Build.0 = Debug|x64
		{ADF762D4-7B2E-424E-B8A4-25689852F199}.Debug|x86.ActiveCfg = Debug|Win32
		{ADF762D4-7B2E-424E-B8A4-25689852F199}.Debug|x86.Build.0 = Debug|Win32
		{ADF762D4-7B2E-424E-B8A4-25689852F199}.Release|x64.ActiveCfg = Release|x64
		{ADF762D4-7B2E-424E-B8A4-25689852F199}.Release|x64.Build.0 = Release|x64
		{ADF762D4-7B2E-424E-B8A4-25689852F199}.Release|x86.ActiveCfg = Release|Win32
		{ADF762D4-7B2E-424E-B8A4-25689852F199}.Release|x86.Build.0 = Release|Win32
	EndGlobalSection
	GlobalSection(SolutionProperties) = preSolution
		HideSolutionNode = FALSE
	EndGlobalSection
	GlobalSection(ExtensibilityGlobals) = postSolution
		SolutionGuid = {D95C12BC-E174-458E-8187-96F084EC3F0C}
	EndGlobalSection
EndGlobal
